
Microsoft Visual Studio Solution File, Format Version 12.00
# Visual Studio Version 17
VisualStudioVersion = 17.11.35222.181
MinimumVisualStudioVersion = 10.0.40219.1
Project("{FAE04EC0-301F-11D3-BF4B-00C04F79EFBC}") = "CentralniServer", "TCPserver\CentralniServer.csproj", "{8959A2E3-0BA8-41EA-8099-E5FA17C6A707}"
	ProjectSection(ProjectDependencies) = postProject
		{7C53A7F6-BDCB-4C10-BE29-70B89100AE28} = {7C53A7F6-BDCB-4C10-BE29-70B89100AE28}
	EndProjectSection
EndProject
Project("{FAE04EC0-301F-11D3-BF4B-00C04F79EFBC}") = "PomocneKlase", "Uredjaj\PomocneKlase.csproj", "{7C53A7F6-BDCB-4C10-BE29-70B89100AE28}"
EndProject
Project("{FAE04EC0-301F-11D3-BF4B-00C04F79EFBC}") = "Klijenti", "TCPklijent\Klijenti.csproj", "{5BFD7787-2AED-4C73-B052-ABBC7898EA01}"
	ProjectSection(ProjectDependencies) = postProject
		{7C53A7F6-BDCB-4C10-BE29-70B89100AE28} = {7C53A7F6-BDCB-4C10-BE29-70B89100AE28}
	EndProjectSection
EndProject
Global
	GlobalSection(SolutionConfigurationPlatforms) = preSolution
		Debug|Any CPU = Debug|Any CPU
		Release|Any CPU = Release|Any CPU
	EndGlobalSection
	GlobalSection(ProjectConfigurationPlatforms) = postSolution
		{8959A2E3-0BA8-41EA-8099-E5FA17C6A707}.Debug|Any CPU.ActiveCfg = Debug|Any CPU
		{8959A2E3-0BA8-41EA-8099-E5FA17C6A707}.Debug|Any CPU.Build.0 = Debug|Any CPU
		{8959A2E3-0BA8-41EA-8099-E5FA17C6A707}.Release|Any CPU.ActiveCfg = Release|Any CPU
		{8959A2E3-0BA8-41EA-8099-E5FA17C6A707}.Release|Any CPU.Build.0 = Release|Any CPU
		{7C53A7F6-BDCB-4C10-BE29-70B89100AE28}.Debug|Any CPU.ActiveCfg = Debug|Any CPU
		{7C53A7F6-BDCB-4C10-BE29-70B89100AE28}.Debug|Any CPU.Build.0 = Debug|Any CPU
		{7C53A7F6-BDCB-4C10-BE29-70B89100AE28}.Release|Any CPU.ActiveCfg = Release|Any CPU
		{7C53A7F6-BDCB-4C10-BE29-70B89100AE28}.Release|Any CPU.Build.0 = Release|Any CPU
		{5BFD7787-2AED-4C73-B052-ABBC7898EA01}.Debug|Any CPU.ActiveCfg = Debug|Any CPU
		{5BFD7787-2AED-4C73-B052-ABBC7898EA01}.Debug|Any CPU.Build.0 = Debug|Any CPU
		{5BFD7787-2AED-4C73-B052-ABBC7898EA01}.Release|Any CPU.ActiveCfg = Release|Any CPU
		{5BFD7787-2AED-4C73-B052-ABBC7898EA01}.Release|Any CPU.Build.0 = Release|Any CPU
	EndGlobalSection
	GlobalSection(SolutionProperties) = preSolution
		HideSolutionNode = FALSE
	EndGlobalSection
	GlobalSection(ExtensibilityGlobals) = postSolution
		SolutionGuid = {0666FB69-98CC-4811-8D2E-CBCB8AE8755E}
	EndGlobalSection
EndGlobal
